
Microsoft Visual Studio Solution File, Format Version 12.00
# Visual Studio 15
VisualStudioVersion = 15.0.28307.329
MinimumVisualStudioVersion = 10.0.40219.1
Project("{FAE04EC0-301F-11D3-BF4B-00C04F79EFBC}") = "NESEmul.Core", "NESEmul.Core\NESEmul.Core.csproj", "{52D4B6C3-C077-47EE-ABF2-03E171D6BAA5}"
EndProject
Project("{FAE04EC0-301F-11D3-BF4B-00C04F79EFBC}") = "NESEmul.UnitTests", "NESEmul.UnitTests\NESEmul.UnitTests.csproj", "{85F77AB8-6229-4FF8-A99C-78F1F55BE7DA}"
EndProject
Project("{FAE04EC0-301F-11D3-BF4B-00C04F79EFBC}") = "NESEmul.PatternTablesViewer", "NESEmul.PatternTablesViewer\NESEmul.PatternTablesViewer.csproj", "{5ADC6D9B-AAAD-4848-BCC4-5D2B4D16182B}"
EndProject
Global
	GlobalSection(SolutionConfigurationPlatforms) = preSolution
		Debug|Any CPU = Debug|Any CPU
		Debug|ARM = Debug|ARM
		Debug|ARM64 = Debug|ARM64
		Debug|x64 = Debug|x64
		Debug|x86 = Debug|x86
		Release|Any CPU = Release|Any CPU
		Release|ARM = Release|ARM
		Release|ARM64 = Release|ARM64
		Release|x64 = Release|x64
		Release|x86 = Release|x86
	EndGlobalSection
	GlobalSection(ProjectConfigurationPlatforms) = postSolution
		{52D4B6C3-C077-47EE-ABF2-03E171D6BAA5}.Debug|Any CPU.ActiveCfg = Debug|Any CPU
		{52D4B6C3-C077-47EE-ABF2-03E171D6BAA5}.Debug|Any CPU.Build.0 = Debug|Any CPU
		{52D4B6C3-C077-47EE-ABF2-03E171D6BAA5}.Debug|ARM.ActiveCfg = Debug|Any CPU
		{52D4B6C3-C077-47EE-ABF2-03E171D6BAA5}.Debug|ARM.Build.0 = Debug|Any CPU
		{52D4B6C3-C077-47EE-ABF2-03E171D6BAA5}.Debug|ARM64.ActiveCfg = Debug|Any CPU
		{52D4B6C3-C077-47EE-ABF2-03E171D6BAA5}.Debug|ARM64.Build.0 = Debug|Any CPU
		{52D4B6C3-C077-47EE-ABF2-03E171D6BAA5}.Debug|x64.ActiveCfg = Debug|Any CPU
		{52D4B6C3-C077-47EE-ABF2-03E171D6BAA5}.Debug|x64.Build.0 = Debug|Any CPU
		{52D4B6C3-C077-47EE-ABF2-03E171D6BAA5}.Debug|x86.ActiveCfg = Debug|Any CPU
		{52D4B6C3-C077-47EE-ABF2-03E171D6BAA5}.Debug|x86.Build.0 = Debug|Any CPU
		{52D4B6C3-C077-47EE-ABF2-03E171D6BAA5}.Release|Any CPU.ActiveCfg = Release|Any CPU
		{52D4B6C3-C077-47EE-ABF2-03E171D6BAA5}.Release|Any CPU.Build.0 = Release|Any CPU
		{52D4B6C3-C077-47EE-ABF2-03E171D6BAA5}.Release|ARM.ActiveCfg = Release|Any CPU
		{52D4B6C3-C077-47EE-ABF2-03E171D6BAA5}.Release|ARM.Build.0 = Release|Any CPU
		{52D4B6C3-C077-47EE-ABF2-03E171D6BAA5}.Release|ARM64.ActiveCfg = Release|Any CPU
		{52D4B6C3-C077-47EE-ABF2-03E171D6BAA5}.Release|ARM64.Build.0 = Release|Any CPU
		{52D4B6C3-C077-47EE-ABF2-03E171D6BAA5}.Release|x64.ActiveCfg = Release|Any CPU
		{52D4B6C3-C077-47EE-ABF2-03E171D6BAA5}.Release|x64.Build.0 = Release|Any CPU
		{52D4B6C3-C077-47EE-ABF2-03E171D6BAA5}.Release|x86.ActiveCfg = Release|Any CPU
		{52D4B6C3-C077-47EE-ABF2-03E171D6BAA5}.Release|x86.Build.0 = Release|Any CPU
		{85F77AB8-6229-4FF8-A99C-78F1F55BE7DA}.Debug|Any CPU.ActiveCfg = Debug|Any CPU
		{85F77AB8-6229-4FF8-A99C-78F1F55BE7DA}.Debug|Any CPU.Build.0 = Debug|Any CPU
		{85F77AB8-6229-4FF8-A99C-78F1F55BE7DA}.Debug|ARM.ActiveCfg = Debug|Any CPU
		{85F77AB8-6229-4FF8-A99C-78F1F55BE7DA}.Debug|ARM.Build.0 = Debug|Any CPU
		{85F77AB8-6229-4FF8-A99C-78F1F55BE7DA}.Debug|ARM64.ActiveCfg = Debug|Any CPU
		{85F77AB8-6229-4FF8-A99C-78F1F55BE7DA}.Debug|ARM64.Build.0 = Debug|Any CPU
		{85F77AB8-6229-4FF8-A99C-78F1F55BE7DA}.Debug|x64.ActiveCfg = Debug|Any CPU
		{85F77AB8-6229-4FF8-A99C-78F1F55BE7DA}.Debug|x64.Build.0 = Debug|Any CPU
		{85F77AB8-6229-4FF8-A99C-78F1F55BE7DA}.Debug|x86.ActiveCfg = Debug|Any CPU
		{85F77AB8-6229-4FF8-A99C-78F1F55BE7DA}.Debug|x86.Build.0 = Debug|Any CPU
		{85F77AB8-6229-4FF8-A99C-78F1F55BE7DA}.Release|Any CPU.ActiveCfg = Release|Any CPU
		{85F77AB8-6229-4FF8-A99C-78F1F55BE7DA}.Release|Any CPU.Build.0 = Release|Any CPU
		{85F77AB8-6229-4FF8-A99C-78F1F55BE7DA}.Release|ARM.ActiveCfg = Release|Any CPU
		{85F77AB8-6229-4FF8-A99C-78F1F55BE7DA}.Release|ARM.Build.0 = Release|Any CPU
		{85F77AB8-6229-4FF8-A99C-78F1F55BE7DA}.Release|ARM64.ActiveCfg = Release|Any CPU
		{85F77AB8-6229-4FF8-A99C-78F1F55BE7DA}.Release|ARM64.Build.0 = Release|Any CPU
		{85F77AB8-6229-4FF8-A99C-78F1F55BE7DA}.Release|x64.ActiveCfg = Release|Any CPU
		{85F77AB8-6229-4FF8-A99C-78F1F55BE7DA}.Release|x64.Build.0 = Release|Any CPU
		{85F77AB8-6229-4FF8-A99C-78F1F55BE7DA}.Release|x86.ActiveCfg = Release|Any CPU
		{85F77AB8-6229-4FF8-A99C-78F1F55BE7DA}.Release|x86.Build.0 = Release|Any CPU
		{5ADC6D9B-AAAD-4848-BCC4-5D2B4D16182B}.Debug|Any CPU.ActiveCfg = Debug|Any CPU
		{5ADC6D9B-AAAD-4848-BCC4-5D2B4D16182B}.Debug|Any CPU.Build.0 = Debug|Any CPU
		{5ADC6D9B-AAAD-4848-BCC4-5D2B4D16182B}.Debug|ARM.ActiveCfg = Debug|Any CPU
		{5ADC6D9B-AAAD-4848-BCC4-5D2B4D16182B}.Debug|ARM.Build.0 = Debug|Any CPU
		{5ADC6D9B-AAAD-4848-BCC4-5D2B4D16182B}.Debug|ARM64.ActiveCfg = Debug|Any CPU
		{5ADC6D9B-AAAD-4848-BCC4-5D2B4D16182B}.Debug|ARM64.Build.0 = Debug|Any CPU
		{5ADC6D9B-AAAD-4848-BCC4-5D2B4D16182B}.Debug|x64.ActiveCfg = Debug|Any CPU
		{5ADC6D9B-AAAD-4848-BCC4-5D2B4D16182B}.Debug|x64.Build.0 = Debug|Any CPU
		{5ADC6D9B-AAAD-4848-BCC4-5D2B4D16182B}.Debug|x86.ActiveCfg = Debug|Any CPU
		{5ADC6D9B-AAAD-4848-BCC4-5D2B4D16182B}.Debug|x86.Build.0 = Debug|Any CPU
		{5ADC6D9B-AAAD-4848-BCC4-5D2B4D16182B}.Release|Any CPU.ActiveCfg = Release|Any CPU
		{5ADC6D9B-AAAD-4848-BCC4-5D2B4D16182B}.Release|Any CPU.Build.0 = Release|Any CPU
		{5ADC6D9B-AAAD-4848-BCC4-5D2B4D16182B}.Release|ARM.ActiveCfg = Release|Any CPU
		{5ADC6D9B-AAAD-4848-BCC4-5D2B4D16182B}.Release|ARM.Build.0 = Release|Any CPU
		{5ADC6D9B-AAAD-4848-BCC4-5D2B4D16182B}.Release|ARM64.ActiveCfg = Release|Any CPU
		{5ADC6D9B-AAAD-4848-BCC4-5D2B4D16182B}.Release|ARM64.Build.0 = Release|Any CPU
		{5ADC6D9B-AAAD-4848-BCC4-5D2B4D16182B}.Release|x64.ActiveCfg = Release|Any CPU
		{5ADC6D9B-AAAD-4848-BCC4-5D2B4D16182B}.Release|x64.Build.0 = Release|Any CPU
		{5ADC6D9B-AAAD-4848-BCC4-5D2B4D16182B}.Release|x86.ActiveCfg = Release|Any CPU
		{5ADC6D9B-AAAD-4848-BCC4-5D2B4D16182B}.Release|x86.Build.0 = Release|Any CPU
	EndGlobalSection
	GlobalSection(SolutionProperties) = preSolution
		HideSolutionNode = FALSE
	EndGlobalSection
	GlobalSection(ExtensibilityGlobals) = postSolution
		SolutionGuid = {BFDBD674-17BF-4B45-88C9-21A0C2B78246}
	EndGlobalSection
EndGlobal
